
Microsoft Visual Studio Solution File, Format Version 12.00
# Visual Studio 15
VisualStudioVersion = 15.0.27130.2036
MinimumVisualStudioVersion = 10.0.40219.1
Project("{8BC9CEB8-8B4A-11D0-8D11-00A0C91BC942}") = "Engine", "Source\Engine\Engine.vcxproj", "{67EDB775-3D1B-44EA-BF0B-5DD54FC7D12B}"
	ProjectSection(ProjectDependencies) = postProject
		{564ED702-D369-4CD6-A961-EAFCF8EF5401} = {564ED702-D369-4CD6-A961-EAFCF8EF5401}
		{E9AB9930-9AA6-458D-BEC2-4E22D4F565EC} = {E9AB9930-9AA6-458D-BEC2-4E22D4F565EC}
	EndProjectSection
EndProject
Project("{8BC9CEB8-8B4A-11D0-8D11-00A0C91BC942}") = "Core", "Source\Core\Core.vcxproj", "{564ED702-D369-4CD6-A961-EAFCF8EF5401}"
EndProject
Project("{8BC9CEB8-8B4A-11D0-8D11-00A0C91BC942}") = "Sandbox", "Source\Sandbox\Sandbox.vcxproj", "{C06EA39B-D224-4013-AA2E-868C08BBF4DB}"
	ProjectSection(ProjectDependencies) = postProject
		{564ED702-D369-4CD6-A961-EAFCF8EF5401} = {564ED702-D369-4CD6-A961-EAFCF8EF5401}
		{E9AB9930-9AA6-458D-BEC2-4E22D4F565EC} = {E9AB9930-9AA6-458D-BEC2-4E22D4F565EC}
		{67EDB775-3D1B-44EA-BF0B-5DD54FC7D12B} = {67EDB775-3D1B-44EA-BF0B-5DD54FC7D12B}
		{082C5183-1965-4D97-B75D-D96CD16328E8} = {082C5183-1965-4D97-B75D-D96CD16328E8}
		{D2FA69A6-0DDA-496E-B6CC-5CDD294B5F9D} = {D2FA69A6-0DDA-496E-B6CC-5CDD294B5F9D}
		{8A45CED1-79FC-4D7E-B516-71C918E87736} = {8A45CED1-79FC-4D7E-B516-71C918E87736}
	EndProjectSection
EndProject
Project("{8BC9CEB8-8B4A-11D0-8D11-00A0C91BC942}") = "Win32", "Source\Win32\Win32.vcxproj", "{082C5183-1965-4D97-B75D-D96CD16328E8}"
	ProjectSection(ProjectDependencies) = postProject
		{564ED702-D369-4CD6-A961-EAFCF8EF5401} = {564ED702-D369-4CD6-A961-EAFCF8EF5401}
		{67EDB775-3D1B-44EA-BF0B-5DD54FC7D12B} = {67EDB775-3D1B-44EA-BF0B-5DD54FC7D12B}
	EndProjectSection
EndProject
Project("{8BC9CEB8-8B4A-11D0-8D11-00A0C91BC942}") = "Platform", "Source\Platform\Platform.vcxproj", "{E9AB9930-9AA6-458D-BEC2-4E22D4F565EC}"
	ProjectSection(ProjectDependencies) = postProject
		{564ED702-D369-4CD6-A961-EAFCF8EF5401} = {564ED702-D369-4CD6-A961-EAFCF8EF5401}
	EndProjectSection
EndProject
Project("{8BC9CEB8-8B4A-11D0-8D11-00A0C91BC942}") = "Vulkan", "Source\Vulkan\Vulkan.vcxproj", "{8A45CED1-79FC-4D7E-B516-71C918E87736}"
	ProjectSection(ProjectDependencies) = postProject
		{564ED702-D369-4CD6-A961-EAFCF8EF5401} = {564ED702-D369-4CD6-A961-EAFCF8EF5401}
		{67EDB775-3D1B-44EA-BF0B-5DD54FC7D12B} = {67EDB775-3D1B-44EA-BF0B-5DD54FC7D12B}
	EndProjectSection
EndProject
Project("{8BC9CEB8-8B4A-11D0-8D11-00A0C91BC942}") = "VulkanWin32", "Source\VulkanWin32\VulkanWin32.vcxproj", "{D2FA69A6-0DDA-496E-B6CC-5CDD294B5F9D}"
	ProjectSection(ProjectDependencies) = postProject
		{564ED702-D369-4CD6-A961-EAFCF8EF5401} = {564ED702-D369-4CD6-A961-EAFCF8EF5401}
		{E9AB9930-9AA6-458D-BEC2-4E22D4F565EC} = {E9AB9930-9AA6-458D-BEC2-4E22D4F565EC}
		{67EDB775-3D1B-44EA-BF0B-5DD54FC7D12B} = {67EDB775-3D1B-44EA-BF0B-5DD54FC7D12B}
		{082C5183-1965-4D97-B75D-D96CD16328E8} = {082C5183-1965-4D97-B75D-D96CD16328E8}
		{8A45CED1-79FC-4D7E-B516-71C918E87736} = {8A45CED1-79FC-4D7E-B516-71C918E87736}
	EndProjectSection
EndProject
Global
	GlobalSection(SolutionConfigurationPlatforms) = preSolution
		Debug|x64 = Debug|x64
		Debug|x86 = Debug|x86
		Release|x64 = Release|x64
		Release|x86 = Release|x86
	EndGlobalSection
	GlobalSection(ProjectConfigurationPlatforms) = postSolution
		{67EDB775-3D1B-44EA-BF0B-5DD54FC7D12B}.Debug|x64.ActiveCfg = Debug|x64
		{67EDB775-3D1B-44EA-BF0B-5DD54FC7D12B}.Debug|x64.Build.0 = Debug|x64
		{67EDB775-3D1B-44EA-BF0B-5DD54FC7D12B}.Debug|x86.ActiveCfg = Debug|x64
		{67EDB775-3D1B-44EA-BF0B-5DD54FC7D12B}.Debug|x86.Build.0 = Debug|x64
		{67EDB775-3D1B-44EA-BF0B-5DD54FC7D12B}.Release|x64.ActiveCfg = Release|x64
		{67EDB775-3D1B-44EA-BF0B-5DD54FC7D12B}.Release|x64.Build.0 = Release|x64
		{67EDB775-3D1B-44EA-BF0B-5DD54FC7D12B}.Release|x86.ActiveCfg = Release|Win32
		{67EDB775-3D1B-44EA-BF0B-5DD54FC7D12B}.Release|x86.Build.0 = Release|Win32
		{564ED702-D369-4CD6-A961-EAFCF8EF5401}.Debug|x64.ActiveCfg = Debug|x64
		{564ED702-D369-4CD6-A961-EAFCF8EF5401}.Debug|x64.Build.0 = Debug|x64
		{564ED702-D369-4CD6-A961-EAFCF8EF5401}.Debug|x86.ActiveCfg = Debug|x64
		{564ED702-D369-4CD6-A961-EAFCF8EF5401}.Debug|x86.Build.0 = Debug|x64
		{564ED702-D369-4CD6-A961-EAFCF8EF5401}.Release|x64.ActiveCfg = Release|x64
		{564ED702-D369-4CD6-A961-EAFCF8EF5401}.Release|x64.Build.0 = Release|x64
		{564ED702-D369-4CD6-A961-EAFCF8EF5401}.Release|x86.ActiveCfg = Release|Win32
		{564ED702-D369-4CD6-A961-EAFCF8EF5401}.Release|x86.Build.0 = Release|Win32
		{C06EA39B-D224-4013-AA2E-868C08BBF4DB}.Debug|x64.ActiveCfg = Debug|x64
		{C06EA39B-D224-4013-AA2E-868C08BBF4DB}.Debug|x64.Build.0 = Debug|x64
		{C06EA39B-D224-4013-AA2E-868C08BBF4DB}.Debug|x86.ActiveCfg = Debug|x64
		{C06EA39B-D224-4013-AA2E-868C08BBF4DB}.Debug|x86.Build.0 = Debug|x64
		{C06EA39B-D224-4013-AA2E-868C08BBF4DB}.Release|x64.ActiveCfg = Release|x64
		{C06EA39B-D224-4013-AA2E-868C08BBF4DB}.Release|x64.Build.0 = Release|x64
		{C06EA39B-D224-4013-AA2E-868C08BBF4DB}.Release|x86.ActiveCfg = Release|Win32
		{C06EA39B-D224-4013-AA2E-868C08BBF4DB}.Release|x86.Build.0 = Release|Win32
		{082C5183-1965-4D97-B75D-D96CD16328E8}.Debug|x64.ActiveCfg = Debug|x64
		{082C5183-1965-4D97-B75D-D96CD16328E8}.Debug|x64.Build.0 = Debug|x64
		{082C5183-1965-4D97-B75D-D96CD16328E8}.Debug|x86.ActiveCfg = Debug|x64
		{082C5183-1965-4D97-B75D-D96CD16328E8}.Debug|x86.Build.0 = Debug|x64
		{082C5183-1965-4D97-B75D-D96CD16328E8}.Release|x64.ActiveCfg = Release|x64
		{082C5183-1965-4D97-B75D-D96CD16328E8}.Release|x64.Build.0 = Release|x64
		{082C5183-1965-4D97-B75D-D96CD16328E8}.Release|x86.ActiveCfg = Release|Win32
		{082C5183-1965-4D97-B75D-D96CD16328E8}.Release|x86.Build.0 = Release|Win32
		{E9AB9930-9AA6-458D-BEC2-4E22D4F565EC}.Debug|x64.ActiveCfg = Debug|x64
		{E9AB9930-9AA6-458D-BEC2-4E22D4F565EC}.Debug|x64.Build.0 = Debug|x64
		{E9AB9930-9AA6-458D-BEC2-4E22D4F565EC}.Debug|x86.ActiveCfg = Debug|x64
		{E9AB9930-9AA6-458D-BEC2-4E22D4F565EC}.Debug|x86.Build.0 = Debug|x64
		{E9AB9930-9AA6-458D-BEC2-4E22D4F565EC}.Release|x64.ActiveCfg = Release|x64
		{E9AB9930-9AA6-458D-BEC2-4E22D4F565EC}.Release|x64.Build.0 = Release|x64
		{E9AB9930-9AA6-458D-BEC2-4E22D4F565EC}.Release|x86.ActiveCfg = Release|Win32
		{E9AB9930-9AA6-458D-BEC2-4E22D4F565EC}.Release|x86.Build.0 = Release|Win32
		{8A45CED1-79FC-4D7E-B516-71C918E87736}.Debug|x64.ActiveCfg = Debug|x64
		{8A45CED1-79FC-4D7E-B516-71C918E87736}.Debug|x64.Build.0 = Debug|x64
		{8A45CED1-79FC-4D7E-B516-71C918E87736}.Debug|x86.ActiveCfg = Debug|x64
		{8A45CED1-79FC-4D7E-B516-71C918E87736}.Debug|x86.Build.0 = Debug|x64
		{8A45CED1-79FC-4D7E-B516-71C918E87736}.Release|x64.ActiveCfg = Release|x64
		{8A45CED1-79FC-4D7E-B516-71C918E87736}.Release|x64.Build.0 = Release|x64
		{8A45CED1-79FC-4D7E-B516-71C918E87736}.Release|x86.ActiveCfg = Release|Win32
		{8A45CED1-79FC-4D7E-B516-71C918E87736}.Release|x86.Build.0 = Release|Win32
		{D2FA69A6-0DDA-496E-B6CC-5CDD294B5F9D}.Debug|x64.ActiveCfg = Debug|x64
		{D2FA69A6-0DDA-496E-B6CC-5CDD294B5F9D}.Debug|x64.Build.0 = Debug|x64
		{D2FA69A6-0DDA-496E-B6CC-5CDD294B5F9D}.Debug|x86.ActiveCfg = Debug|Win32
		{D2FA69A6-0DDA-496E-B6CC-5CDD294B5F9D}.Debug|x86.Build.0 = Debug|Win32
		{D2FA69A6-0DDA-496E-B6CC-5CDD294B5F9D}.Release|x64.ActiveCfg = Release|x64
		{D2FA69A6-0DDA-496E-B6CC-5CDD294B5F9D}.Release|x64.Build.0 = Release|x64
		{D2FA69A6-0DDA-496E-B6CC-5CDD294B5F9D}.Release|x86.ActiveCfg = Release|Win32
		{D2FA69A6-0DDA-496E-B6CC-5CDD294B5F9D}.Release|x86.Build.0 = Release|Win32
	EndGlobalSection
	GlobalSection(SolutionProperties) = preSolution
		HideSolutionNode = FALSE
	EndGlobalSection
	GlobalSection(ExtensibilityGlobals) = postSolution
		SolutionGuid = {849F9DE4-8094-4927-9546-01066187C991}
	EndGlobalSection
EndGlobal
